// !$*UTF8*$!
{
	archiveVersion = 1;
	classes = {
	};
	objectVersion = 48;
	objects = {

/* Begin PBXBuildFile section */
		4BDB46DAAC5EE5524C26E023 /* Pods_Hello_Shared_Kotlin.framework in Frameworks */ = {isa = PBXBuildFile; fileRef = 4B9F8C0E1116F423222DAE16 /* Pods_Hello_Shared_Kotlin.framework */; };
		8519CAD01FFD9131001DB5AF /* KotlinHello.framework in Frameworks */ = {isa = PBXBuildFile; fileRef = 85869A9B1FEDA9CD00513796 /* KotlinHello.framework */; };
		8519CAD2200FCC94001DB5AF /* TodoTableViewCell.swift in Sources */ = {isa = PBXBuildFile; fileRef = 8519CAD1200FCC94001DB5AF /* TodoTableViewCell.swift */; };
		8543766D203B36CF004CB092 /* FirebaseDatabase.swift in Sources */ = {isa = PBXBuildFile; fileRef = 8543766C203B36CF004CB092 /* FirebaseDatabase.swift */; };
		85869A6C1FEAFE9C00513796 /* AppDelegate.swift in Sources */ = {isa = PBXBuildFile; fileRef = 85869A6B1FEAFE9C00513796 /* AppDelegate.swift */; };
		85869A6E1FEAFE9C00513796 /* ViewController.swift in Sources */ = {isa = PBXBuildFile; fileRef = 85869A6D1FEAFE9C00513796 /* ViewController.swift */; };
		85869A711FEAFE9C00513796 /* Main.storyboard in Resources */ = {isa = PBXBuildFile; fileRef = 85869A6F1FEAFE9C00513796 /* Main.storyboard */; };
		85869A731FEAFE9C00513796 /* Assets.xcassets in Resources */ = {isa = PBXBuildFile; fileRef = 85869A721FEAFE9C00513796 /* Assets.xcassets */; };
		85869A761FEAFE9C00513796 /* LaunchScreen.storyboard in Resources */ = {isa = PBXBuildFile; fileRef = 85869A741FEAFE9C00513796 /* LaunchScreen.storyboard */; };
		85869A9C1FEDA9CD00513796 /* KotlinHello.framework in Embed Frameworks */ = {isa = PBXBuildFile; fileRef = 85869A9B1FEDA9CD00513796 /* KotlinHello.framework */; settings = {ATTRIBUTES = (CodeSignOnCopy, RemoveHeadersOnCopy, ); }; };
		85E6D8D3209E20E7007D424C /* Constants.swift in Sources */ = {isa = PBXBuildFile; fileRef = 85E6D8D2209E20E7007D424C /* Constants.swift */; };
		85E6D8D5209E2195007D424C /* LocalDatabase.swift in Sources */ = {isa = PBXBuildFile; fileRef = 85E6D8D4209E2195007D424C /* LocalDatabase.swift */; };
/* End PBXBuildFile section */

/* Begin PBXCopyFilesBuildPhase section */
		85869A991FEB21FC00513796 /* Embed Frameworks */ = {
			isa = PBXCopyFilesBuildPhase;
			buildActionMask = 2147483647;
			dstPath = "";
			dstSubfolderSpec = 10;
			files = (
				85869A9C1FEDA9CD00513796 /* KotlinHello.framework in Embed Frameworks */,
			);
			name = "Embed Frameworks";
			runOnlyForDeploymentPostprocessing = 0;
		};
/* End PBXCopyFilesBuildPhase section */

/* Begin PBXFileReference section */
		143878F7480F5A873D5D64C9 /* Pods-Hello Shared Kotlin.debug.xcconfig */ = {isa = PBXFileReference; includeInIndex = 1; lastKnownFileType = text.xcconfig; name = "Pods-Hello Shared Kotlin.debug.xcconfig"; path = "Pods/Target Support Files/Pods-Hello Shared Kotlin/Pods-Hello Shared Kotlin.debug.xcconfig"; sourceTree = "<group>"; };
		4B9F8C0E1116F423222DAE16 /* Pods_Hello_Shared_Kotlin.framework */ = {isa = PBXFileReference; explicitFileType = wrapper.framework; includeInIndex = 0; path = Pods_Hello_Shared_Kotlin.framework; sourceTree = BUILT_PRODUCTS_DIR; };
		8519CAD1200FCC94001DB5AF /* TodoTableViewCell.swift */ = {isa = PBXFileReference; lastKnownFileType = sourcecode.swift; path = TodoTableViewCell.swift; sourceTree = "<group>"; };
		8543766C203B36CF004CB092 /* FirebaseDatabase.swift */ = {isa = PBXFileReference; lastKnownFileType = sourcecode.swift; path = FirebaseDatabase.swift; sourceTree = "<group>"; };
		85869A681FEAFE9C00513796 /* Hello Shared Kotlin.app */ = {isa = PBXFileReference; explicitFileType = wrapper.application; includeInIndex = 0; path = "Hello Shared Kotlin.app"; sourceTree = BUILT_PRODUCTS_DIR; };
		85869A6B1FEAFE9C00513796 /* AppDelegate.swift */ = {isa = PBXFileReference; lastKnownFileType = sourcecode.swift; path = AppDelegate.swift; sourceTree = "<group>"; };
		85869A6D1FEAFE9C00513796 /* ViewController.swift */ = {isa = PBXFileReference; lastKnownFileType = sourcecode.swift; path = ViewController.swift; sourceTree = "<group>"; };
		85869A701FEAFE9C00513796 /* Base */ = {isa = PBXFileReference; lastKnownFileType = file.storyboard; name = Base; path = Base.lproj/Main.storyboard; sourceTree = "<group>"; };
		85869A721FEAFE9C00513796 /* Assets.xcassets */ = {isa = PBXFileReference; lastKnownFileType = folder.assetcatalog; path = Assets.xcassets; sourceTree = "<group>"; };
		85869A751FEAFE9C00513796 /* Base */ = {isa = PBXFileReference; lastKnownFileType = file.storyboard; name = Base; path = Base.lproj/LaunchScreen.storyboard; sourceTree = "<group>"; };
		85869A771FEAFE9C00513796 /* Info.plist */ = {isa = PBXFileReference; lastKnownFileType = text.plist.xml; path = Info.plist; sourceTree = "<group>"; };
		85869A9B1FEDA9CD00513796 /* KotlinHello.framework */ = {isa = PBXFileReference; lastKnownFileType = wrapper.framework; path = KotlinHello.framework; sourceTree = "<group>"; };
		85E6D8D2209E20E7007D424C /* Constants.swift */ = {isa = PBXFileReference; lastKnownFileType = sourcecode.swift; path = Constants.swift; sourceTree = "<group>"; };
		85E6D8D4209E2195007D424C /* LocalDatabase.swift */ = {isa = PBXFileReference; lastKnownFileType = sourcecode.swift; path = LocalDatabase.swift; sourceTree = "<group>"; };
		A3CE47D79E027FA79BF0ADBA /* Pods-Hello Shared Kotlin.release.xcconfig */ = {isa = PBXFileReference; includeInIndex = 1; lastKnownFileType = text.xcconfig; name = "Pods-Hello Shared Kotlin.release.xcconfig"; path = "Pods/Target Support Files/Pods-Hello Shared Kotlin/Pods-Hello Shared Kotlin.release.xcconfig"; sourceTree = "<group>"; };
/* End PBXFileReference section */

/* Begin PBXFrameworksBuildPhase section */
		85869A651FEAFE9C00513796 /* Frameworks */ = {
			isa = PBXFrameworksBuildPhase;
			buildActionMask = 2147483647;
			files = (
				8519CAD01FFD9131001DB5AF /* KotlinHello.framework in Frameworks */,
				4BDB46DAAC5EE5524C26E023 /* Pods_Hello_Shared_Kotlin.framework in Frameworks */,
			);
			runOnlyForDeploymentPostprocessing = 0;
		};
/* End PBXFrameworksBuildPhase section */

/* Begin PBXGroup section */
		065D1F48B43CFC21AC112542 /* Pods */ = {
			isa = PBXGroup;
			children = (
				143878F7480F5A873D5D64C9 /* Pods-Hello Shared Kotlin.debug.xcconfig */,
				A3CE47D79E027FA79BF0ADBA /* Pods-Hello Shared Kotlin.release.xcconfig */,
			);
			name = Pods;
			sourceTree = "<group>";
		};
		4E26CC2DFE1AD3902674F79A /* Frameworks */ = {
			isa = PBXGroup;
			children = (
				4B9F8C0E1116F423222DAE16 /* Pods_Hello_Shared_Kotlin.framework */,
			);
			name = Frameworks;
			sourceTree = "<group>";
		};
		85869A5F1FEAFE9C00513796 = {
			isa = PBXGroup;
			children = (
				85869A9B1FEDA9CD00513796 /* KotlinHello.framework */,
				85869A6A1FEAFE9C00513796 /* Hello Shared Kotlin */,
				85869A691FEAFE9C00513796 /* Products */,
				065D1F48B43CFC21AC112542 /* Pods */,
				4E26CC2DFE1AD3902674F79A /* Frameworks */,
			);
			sourceTree = "<group>";
		};
		85869A691FEAFE9C00513796 /* Products */ = {
			isa = PBXGroup;
			children = (
				85869A681FEAFE9C00513796 /* Hello Shared Kotlin.app */,
			);
			name = Products;
			sourceTree = "<group>";
		};
		85869A6A1FEAFE9C00513796 /* Hello Shared Kotlin */ = {
			isa = PBXGroup;
			children = (
				85869A6B1FEAFE9C00513796 /* AppDelegate.swift */,
				85869A6D1FEAFE9C00513796 /* ViewController.swift */,
				85869A6F1FEAFE9C00513796 /* Main.storyboard */,
				85869A721FEAFE9C00513796 /* Assets.xcassets */,
				85869A741FEAFE9C00513796 /* LaunchScreen.storyboard */,
				85869A771FEAFE9C00513796 /* Info.plist */,
				8519CAD1200FCC94001DB5AF /* TodoTableViewCell.swift */,
				8543766C203B36CF004CB092 /* FirebaseDatabase.swift */,
				85E6D8D2209E20E7007D424C /* Constants.swift */,
				85E6D8D4209E2195007D424C /* LocalDatabase.swift */,
			);
			path = "Hello Shared Kotlin";
			sourceTree = "<group>";
		};
/* End PBXGroup section */

/* Begin PBXNativeTarget section */
		85869A671FEAFE9C00513796 /* Hello Shared Kotlin */ = {
			isa = PBXNativeTarget;
			buildConfigurationList = 85869A7A1FEAFE9C00513796 /* Build configuration list for PBXNativeTarget "Hello Shared Kotlin" */;
			buildPhases = (
				140F5FBFF8140986FD5E67B8 /* [CP] Check Pods Manifest.lock */,
				85869A931FEB0E7E00513796 /* ShellScript */,
				85869A641FEAFE9C00513796 /* Sources */,
				85869A651FEAFE9C00513796 /* Frameworks */,
				85869A661FEAFE9C00513796 /* Resources */,
				85869A991FEB21FC00513796 /* Embed Frameworks */,
				D8D0DAB99FA7D0CA3B170B10 /* [CP] Embed Pods Frameworks */,
				63BD5C7DB7E62322CA67E471 /* [CP] Copy Pods Resources */,
			);
			buildRules = (
			);
			dependencies = (
			);
			name = "Hello Shared Kotlin";
			productName = "Hello Shared Kotlin";
			productReference = 85869A681FEAFE9C00513796 /* Hello Shared Kotlin.app */;
			productType = "com.apple.product-type.application";
		};
/* End PBXNativeTarget section */

/* Begin PBXProject section */
		85869A601FEAFE9C00513796 /* Project object */ = {
			isa = PBXProject;
			attributes = {
				LastSwiftUpdateCheck = 0920;
				LastUpgradeCheck = 0930;
				ORGANIZATIONNAME = WillowTree;
				TargetAttributes = {
					85869A671FEAFE9C00513796 = {
						CreatedOnToolsVersion = 9.2;
						LastSwiftMigration = 0920;
						ProvisioningStyle = Automatic;
					};
				};
			};
			buildConfigurationList = 85869A631FEAFE9C00513796 /* Build configuration list for PBXProject "Hello Shared Kotlin" */;
			compatibilityVersion = "Xcode 8.0";
			developmentRegion = en;
			hasScannedForEncodings = 0;
			knownRegions = (
				en,
				Base,
			);
			mainGroup = 85869A5F1FEAFE9C00513796;
			productRefGroup = 85869A691FEAFE9C00513796 /* Products */;
			projectDirPath = "";
			projectRoot = "";
			targets = (
				85869A671FEAFE9C00513796 /* Hello Shared Kotlin */,
			);
		};
/* End PBXProject section */

/* Begin PBXResourcesBuildPhase section */
		85869A661FEAFE9C00513796 /* Resources */ = {
			isa = PBXResourcesBuildPhase;
			buildActionMask = 2147483647;
			files = (
				85869A761FEAFE9C00513796 /* LaunchScreen.storyboard in Resources */,
				85869A731FEAFE9C00513796 /* Assets.xcassets in Resources */,
				85869A711FEAFE9C00513796 /* Main.storyboard in Resources */,
			);
			runOnlyForDeploymentPostprocessing = 0;
		};
/* End PBXResourcesBuildPhase section */

/* Begin PBXShellScriptBuildPhase section */
		140F5FBFF8140986FD5E67B8 /* [CP] Check Pods Manifest.lock */ = {
			isa = PBXShellScriptBuildPhase;
			buildActionMask = 2147483647;
			files = (
			);
			inputPaths = (
				"${PODS_PODFILE_DIR_PATH}/Podfile.lock",
				"${PODS_ROOT}/Manifest.lock",
			);
			name = "[CP] Check Pods Manifest.lock";
			outputPaths = (
				"$(DERIVED_FILE_DIR)/Pods-Hello Shared Kotlin-checkManifestLockResult.txt",
			);
			runOnlyForDeploymentPostprocessing = 0;
			shellPath = /bin/sh;
			shellScript = "diff \"${PODS_PODFILE_DIR_PATH}/Podfile.lock\" \"${PODS_ROOT}/Manifest.lock\" > /dev/null\nif [ $? != 0 ] ; then\n    # print error to STDERR\n    echo \"error: The sandbox is not in sync with the Podfile.lock. Run 'pod install' or update your CocoaPods installation.\" >&2\n    exit 1\nfi\n# This output is used by Xcode 'outputs' to avoid re-running this script phase.\necho \"SUCCESS\" > \"${SCRIPT_OUTPUT_FILE_0}\"\n";
			showEnvVarsInLog = 0;
		};
		63BD5C7DB7E62322CA67E471 /* [CP] Copy Pods Resources */ = {
			isa = PBXShellScriptBuildPhase;
			buildActionMask = 2147483647;
			files = (
			);
			inputPaths = (
			);
			name = "[CP] Copy Pods Resources";
			outputPaths = (
			);
			runOnlyForDeploymentPostprocessing = 0;
			shellPath = /bin/sh;
			shellScript = "\"${SRCROOT}/Pods/Target Support Files/Pods-Hello Shared Kotlin/Pods-Hello Shared Kotlin-resources.sh\"\n";
			showEnvVarsInLog = 0;
		};
		85869A931FEB0E7E00513796 /* ShellScript */ = {
			isa = PBXShellScriptBuildPhase;
			buildActionMask = 2147483647;
			files = (
			);
			inputPaths = (
			);
			outputPaths = (
			);
			runOnlyForDeploymentPostprocessing = 0;
			shellPath = /bin/sh;
			shellScript = "cd .. && ./gradlew shared:copyFramework";
		};
		D8D0DAB99FA7D0CA3B170B10 /* [CP] Embed Pods Frameworks */ = {
			isa = PBXShellScriptBuildPhase;
			buildActionMask = 2147483647;
			files = (
			);
			inputPaths = (
				"${SRCROOT}/Pods/Target Support Files/Pods-Hello Shared Kotlin/Pods-Hello Shared Kotlin-frameworks.sh",
				"${BUILT_PRODUCTS_DIR}/GoogleToolboxForMac/GoogleToolboxForMac.framework",
				"${BUILT_PRODUCTS_DIR}/leveldb-library/leveldb.framework",
				"${BUILT_PRODUCTS_DIR}/nanopb/nanopb.framework",
			);
			name = "[CP] Embed Pods Frameworks";
			outputPaths = (
				"${TARGET_BUILD_DIR}/${FRAMEWORKS_FOLDER_PATH}/GoogleToolboxForMac.framework",
				"${TARGET_BUILD_DIR}/${FRAMEWORKS_FOLDER_PATH}/leveldb.framework",
				"${TARGET_BUILD_DIR}/${FRAMEWORKS_FOLDER_PATH}/nanopb.framework",
			);
			runOnlyForDeploymentPostprocessing = 0;
			shellPath = /bin/sh;
			shellScript = "\"${SRCROOT}/Pods/Target Support Files/Pods-Hello Shared Kotlin/Pods-Hello Shared Kotlin-frameworks.sh\"\n";
			showEnvVarsInLog = 0;
		};
/* End PBXShellScriptBuildPhase section */

/* Begin PBXSourcesBuildPhase section */
		85869A641FEAFE9C00513796 /* Sources */ = {
			isa = PBXSourcesBuildPhase;
			buildActionMask = 2147483647;
			files = (
				85E6D8D5209E2195007D424C /* LocalDatabase.swift in Sources */,
				85E6D8D3209E20E7007D424C /* Constants.swift in Sources */,
				8519CAD2200FCC94001DB5AF /* TodoTableViewCell.swift in Sources */,
				85869A6E1FEAFE9C00513796 /* ViewController.swift in Sources */,
				8543766D203B36CF004CB092 /* FirebaseDatabase.swift in Sources */,
				85869A6C1FEAFE9C00513796 /* AppDelegate.swift in Sources */,
			);
			runOnlyForDeploymentPostprocessing = 0;
		};
/* End PBXSourcesBuildPhase section */

/* Begin PBXVariantGroup section */
		85869A6F1FEAFE9C00513796 /* Main.storyboard */ = {
			isa = PBXVariantGroup;
			children = (
				85869A701FEAFE9C00513796 /* Base */,
			);
			name = Main.storyboard;
			sourceTree = "<group>";
		};
		85869A741FEAFE9C00513796 /* LaunchScreen.storyboard */ = {
			isa = PBXVariantGroup;
			children = (
				85869A751FEAFE9C00513796 /* Base */,
			);
			name = LaunchScreen.storyboard;
			sourceTree = "<group>";
		};
/* End PBXVariantGroup section */

/* Begin XCBuildConfiguration section */
		85869A781FEAFE9C00513796 /* Debug */ = {
			isa = XCBuildConfiguration;
			buildSettings = {
				ALWAYS_SEARCH_USER_PATHS = NO;
				CLANG_ANALYZER_NONNULL = YES;
				CLANG_ANALYZER_NUMBER_OBJECT_CONVERSION = YES_AGGRESSIVE;
				CLANG_CXX_LANGUAGE_STANDARD = "gnu++14";
				CLANG_CXX_LIBRARY = "libc++";
				CLANG_ENABLE_MODULES = YES;
				CLANG_ENABLE_OBJC_ARC = YES;
				CLANG_WARN_BLOCK_CAPTURE_AUTORELEASING = YES;
				CLANG_WARN_BOOL_CONVERSION = YES;
				CLANG_WARN_COMMA = YES;
				CLANG_WARN_CONSTANT_CONVERSION = YES;
				CLANG_WARN_DEPRECATED_OBJC_IMPLEMENTATIONS = YES;
				CLANG_WARN_DIRECT_OBJC_ISA_USAGE = YES_ERROR;
				CLANG_WARN_DOCUMENTATION_COMMENTS = YES;
				CLANG_WARN_EMPTY_BODY = YES;
				CLANG_WARN_ENUM_CONVERSION = YES;
				CLANG_WARN_INFINITE_RECURSION = YES;
				CLANG_WARN_INT_CONVERSION = YES;
				CLANG_WARN_NON_LITERAL_NULL_CONVERSION = YES;
				CLANG_WARN_OBJC_IMPLICIT_RETAIN_SELF = YES;
				CLANG_WARN_OBJC_LITERAL_CONVERSION = YES;
				CLANG_WARN_OBJC_ROOT_CLASS = YES_ERROR;
				CLANG_WARN_RANGE_LOOP_ANALYSIS = YES;
				CLANG_WARN_STRICT_PROTOTYPES = YES;
				CLANG_WARN_SUSPICIOUS_MOVE = YES;
				CLANG_WARN_UNGUARDED_AVAILABILITY = YES_AGGRESSIVE;
				CLANG_WARN_UNREACHABLE_CODE = YES;
				CLANG_WARN__DUPLICATE_METHOD_MATCH = YES;
				CODE_SIGN_IDENTITY = "iPhone Developer";
				COPY_PHASE_STRIP = NO;
				DEBUG_INFORMATION_FORMAT = dwarf;
				ENABLE_STRICT_OBJC_MSGSEND = YES;
				ENABLE_TESTABILITY = YES;
				GCC_C_LANGUAGE_STANDARD = gnu11;
				GCC_DYNAMIC_NO_PIC = NO;
				GCC_NO_COMMON_BLOCKS = YES;
				GCC_OPTIMIZATION_LEVEL = 0;
				GCC_PREPROCESSOR_DEFINITIONS = (
					"DEBUG=1",
					"$(inherited)",
				);
				GCC_WARN_64_TO_32_BIT_CONVERSION = YES;
				GCC_WARN_ABOUT_RETURN_TYPE = YES_ERROR;
				GCC_WARN_UNDECLARED_SELECTOR = YES;
				GCC_WARN_UNINITIALIZED_AUTOS = YES_AGGRESSIVE;
				GCC_WARN_UNUSED_FUNCTION = YES;
				GCC_WARN_UNUSED_VARIABLE = YES;
				IPHONEOS_DEPLOYMENT_TARGET = 11.2;
				MTL_ENABLE_DEBUG_INFO = YES;
				ONLY_ACTIVE_ARCH = YES;
				SDKROOT = iphoneos;
				SWIFT_ACTIVE_COMPILATION_CONDITIONS = DEBUG;
				SWIFT_OPTIMIZATION_LEVEL = "-Onone";
			};
			name = Debug;
		};
		85869A791FEAFE9C00513796 /* Release */ = {
			isa = XCBuildConfiguration;
			buildSettings = {
				ALWAYS_SEARCH_USER_PATHS = NO;
				CLANG_ANALYZER_NONNULL = YES;
				CLANG_ANALYZER_NUMBER_OBJECT_CONVERSION = YES_AGGRESSIVE;
				CLANG_CXX_LANGUAGE_STANDARD = "gnu++14";
				CLANG_CXX_LIBRARY = "libc++";
				CLANG_ENABLE_MODULES = YES;
				CLANG_ENABLE_OBJC_ARC = YES;
				CLANG_WARN_BLOCK_CAPTURE_AUTORELEASING = YES;
				CLANG_WARN_BOOL_CONVERSION = YES;
				CLANG_WARN_COMMA = YES;
				CLANG_WARN_CONSTANT_CONVERSION = YES;
				CLANG_WARN_DEPRECATED_OBJC_IMPLEMENTATIONS = YES;
				CLANG_WARN_DIRECT_OBJC_ISA_USAGE = YES_ERROR;
				CLANG_WARN_DOCUMENTATION_COMMENTS = YES;
				CLANG_WARN_EMPTY_BODY = YES;
				CLANG_WARN_ENUM_CONVERSION = YES;
				CLANG_WARN_INFINITE_RECURSION = YES;
				CLANG_WARN_INT_CONVERSION = YES;
				CLANG_WARN_NON_LITERAL_NULL_CONVERSION = YES;
				CLANG_WARN_OBJC_IMPLICIT_RETAIN_SELF = YES;
				CLANG_WARN_OBJC_LITERAL_CONVERSION = YES;
				CLANG_WARN_OBJC_ROOT_CLASS = YES_ERROR;
				CLANG_WARN_RANGE_LOOP_ANALYSIS = YES;
				CLANG_WARN_STRICT_PROTOTYPES = YES;
				CLANG_WARN_SUSPICIOUS_MOVE = YES;
				CLANG_WARN_UNGUARDED_AVAILABILITY = YES_AGGRESSIVE;
				CLANG_WARN_UNREACHABLE_CODE = YES;
				CLANG_WARN__DUPLICATE_METHOD_MATCH = YES;
				CODE_SIGN_IDENTITY = "iPhone Developer";
				COPY_PHASE_STRIP = NO;
				DEBUG_INFORMATION_FORMAT = "dwarf-with-dsym";
				ENABLE_NS_ASSERTIONS = NO;
				ENABLE_STRICT_OBJC_MSGSEND = YES;
				GCC_C_LANGUAGE_STANDARD = gnu11;
				GCC_NO_COMMON_BLOCKS = YES;
				GCC_WARN_64_TO_32_BIT_CONVERSION = YES;
				GCC_WARN_ABOUT_RETURN_TYPE = YES_ERROR;
				GCC_WARN_UNDECLARED_SELECTOR = YES;
				GCC_WARN_UNINITIALIZED_AUTOS = YES_AGGRESSIVE;
				GCC_WARN_UNUSED_FUNCTION = YES;
				GCC_WARN_UNUSED_VARIABLE = YES;
				IPHONEOS_DEPLOYMENT_TARGET = 11.2;
				MTL_ENABLE_DEBUG_INFO = NO;
				SDKROOT = iphoneos;
				SWIFT_OPTIMIZATION_LEVEL = "-Owholemodule";
				VALIDATE_PRODUCT = YES;
			};
			name = Release;
		};
		85869A7B1FEAFE9C00513796 /* Debug */ = {
			isa = XCBuildConfiguration;
			baseConfigurationReference = 143878F7480F5A873D5D64C9 /* Pods-Hello Shared Kotlin.debug.xcconfig */;
			buildSettings = {
				ASSETCATALOG_COMPILER_APPICON_NAME = AppIcon;
				BITCODE_GENERATION_MODE = marker;
				CLANG_ENABLE_MODULES = YES;
				CODE_SIGN_STYLE = Automatic;
				DEVELOPMENT_TEAM = YXHJ9J2A3H;
				ENABLE_BITCODE = NO;
				FRAMEWORK_SEARCH_PATHS = (
					"$(inherited)",
					"$(PROJECT_DIR)",
				);
				INFOPLIST_FILE = "Hello Shared Kotlin/Info.plist";
				LD_RUNPATH_SEARCH_PATHS = "$(inherited) @executable_path/Frameworks";
				PRODUCT_BUNDLE_IDENTIFIER = com.willowtreeapps.hellokotlin;
				PRODUCT_NAME = "$(TARGET_NAME)";
				SWIFT_OPTIMIZATION_LEVEL = "-Onone";
				SWIFT_VERSION = 4.0;
				TARGETED_DEVICE_FAMILY = "1,2";
			};
			name = Debug;
		};
		85869A7C1FEAFE9C00513796 /* Release */ = {
			isa = XCBuildConfiguration;
			baseConfigurationReference = A3CE47D79E027FA79BF0ADBA /* Pods-Hello Shared Kotlin.release.xcconfig */;
			buildSettings = {
				ASSETCATALOG_COMPILER_APPICON_NAME = AppIcon;
				BITCODE_GENERATION_MODE = bitcode;
				"BITCODE_GENERATION_MODE[arch=*]" = "";
				CLANG_ENABLE_MODULES = YES;
				CODE_SIGN_STYLE = Automatic;
				DEVELOPMENT_TEAM = YXHJ9J2A3H;
				ENABLE_BITCODE = NO;
				FRAMEWORK_SEARCH_PATHS = (
					"$(inherited)",
					"$(PROJECT_DIR)",
				);
				INFOPLIST_FILE = "Hello Shared Kotlin/Info.plist";
				LD_RUNPATH_SEARCH_PATHS = "$(inherited) @executable_path/Frameworks";
				PRODUCT_BUNDLE_IDENTIFIER = com.willowtreeapps.hellokotlin;
				PRODUCT_NAME = "$(TARGET_NAME)";
				SWIFT_VERSION = 4.0;
				TARGETED_DEVICE_FAMILY = "1,2";
			};
			name = Release;
		};
/* End XCBuildConfiguration section */

/* Begin XCConfigurationList section */
		85869A631FEAFE9C00513796 /* Build configuration list for PBXProject "Hello Shared Kotlin" */ = {
			isa = XCConfigurationList;
			buildConfigurations = (
				85869A781FEAFE9C00513796 /* Debug */,
				85869A791FEAFE9C00513796 /* Release */,
			);
			defaultConfigurationIsVisible = 0;
			defaultConfigurationName = Release;
		};
		85869A7A1FEAFE9C00513796 /* Build configuration list for PBXNativeTarget "Hello Shared Kotlin" */ = {
			isa = XCConfigurationList;
			buildConfigurations = (
				85869A7B1FEAFE9C00513796 /* Debug */,
				85869A7C1FEAFE9C00513796 /* Release */,
			);
			defaultConfigurationIsVisible = 0;
			defaultConfigurationName = Release;
		};
/* End XCConfigurationList section */
	};
	rootObject = 85869A601FEAFE9C00513796 /* Project object */;
}
