// !$*UTF8*$!
{
	archiveVersion = 1;
	classes = {
	};
	objectVersion = 48;
	objects = {

/* Begin PBXBuildFile section */
		85869A6C1FEAFE9C00513796 /* AppDelegate.swift in Sources */ = {isa = PBXBuildFile; fileRef = 85869A6B1FEAFE9C00513796 /* AppDelegate.swift */; };
		85869A6E1FEAFE9C00513796 /* ViewController.swift in Sources */ = {isa = PBXBuildFile; fileRef = 85869A6D1FEAFE9C00513796 /* ViewController.swift */; };
		85869A711FEAFE9C00513796 /* Main.storyboard in Resources */ = {isa = PBXBuildFile; fileRef = 85869A6F1FEAFE9C00513796 /* Main.storyboard */; };
		85869A731FEAFE9C00513796 /* Assets.xcassets in Resources */ = {isa = PBXBuildFile; fileRef = 85869A721FEAFE9C00513796 /* Assets.xcassets */; };
		85869A761FEAFE9C00513796 /* LaunchScreen.storyboard in Resources */ = {isa = PBXBuildFile; fileRef = 85869A741FEAFE9C00513796 /* LaunchScreen.storyboard */; };
		85869A971FEB21FC00513796 /* KotlinHello.framework in Frameworks */ = {isa = PBXBuildFile; fileRef = 85869A961FEB21FB00513796 /* KotlinHello.framework */; };
		85869A981FEB21FC00513796 /* KotlinHello.framework in Embed Frameworks */ = {isa = PBXBuildFile; fileRef = 85869A961FEB21FB00513796 /* KotlinHello.framework */; settings = {ATTRIBUTES = (CodeSignOnCopy, RemoveHeadersOnCopy, ); }; };
/* End PBXBuildFile section */

/* Begin PBXCopyFilesBuildPhase section */
		85869A991FEB21FC00513796 /* Embed Frameworks */ = {
			isa = PBXCopyFilesBuildPhase;
			buildActionMask = 2147483647;
			dstPath = "";
			dstSubfolderSpec = 10;
			files = (
				85869A981FEB21FC00513796 /* KotlinHello.framework in Embed Frameworks */,
			);
			name = "Embed Frameworks";
			runOnlyForDeploymentPostprocessing = 0;
		};
/* End PBXCopyFilesBuildPhase section */

/* Begin PBXFileReference section */
		85869A681FEAFE9C00513796 /* Hello Shared Kotlin.app */ = {isa = PBXFileReference; explicitFileType = wrapper.application; includeInIndex = 0; path = "Hello Shared Kotlin.app"; sourceTree = BUILT_PRODUCTS_DIR; };
		85869A6B1FEAFE9C00513796 /* AppDelegate.swift */ = {isa = PBXFileReference; lastKnownFileType = sourcecode.swift; path = AppDelegate.swift; sourceTree = "<group>"; };
		85869A6D1FEAFE9C00513796 /* ViewController.swift */ = {isa = PBXFileReference; lastKnownFileType = sourcecode.swift; path = ViewController.swift; sourceTree = "<group>"; };
		85869A701FEAFE9C00513796 /* Base */ = {isa = PBXFileReference; lastKnownFileType = file.storyboard; name = Base; path = Base.lproj/Main.storyboard; sourceTree = "<group>"; };
		85869A721FEAFE9C00513796 /* Assets.xcassets */ = {isa = PBXFileReference; lastKnownFileType = folder.assetcatalog; path = Assets.xcassets; sourceTree = "<group>"; };
		85869A751FEAFE9C00513796 /* Base */ = {isa = PBXFileReference; lastKnownFileType = file.storyboard; name = Base; path = Base.lproj/LaunchScreen.storyboard; sourceTree = "<group>"; };
		85869A771FEAFE9C00513796 /* Info.plist */ = {isa = PBXFileReference; lastKnownFileType = text.plist.xml; path = Info.plist; sourceTree = "<group>"; };
		85869A7E1FEB02CD00513796 /* KotlinHello.framework */ = {isa = PBXFileReference; lastKnownFileType = wrapper.framework; name = KotlinHello.framework; path = ../shared/build/konan/bin/iphone_sim/KotlinHello.framework; sourceTree = "<group>"; };
		85869A8F1FEB0C1B00513796 /* KotlinHello.framework */ = {isa = PBXFileReference; lastKnownFileType = wrapper.framework; path = KotlinHello.framework; sourceTree = "<group>"; };
		85869A961FEB21FB00513796 /* KotlinHello.framework */ = {isa = PBXFileReference; lastKnownFileType = wrapper.framework; name = KotlinHello.framework; path = ../shared/build/konan/bin/iphone_sim/KotlinHello.framework; sourceTree = "<group>"; };
/* End PBXFileReference section */

/* Begin PBXFrameworksBuildPhase section */
		85869A651FEAFE9C00513796 /* Frameworks */ = {
			isa = PBXFrameworksBuildPhase;
			buildActionMask = 2147483647;
			files = (
				85869A971FEB21FC00513796 /* KotlinHello.framework in Frameworks */,
			);
			runOnlyForDeploymentPostprocessing = 0;
		};
/* End PBXFrameworksBuildPhase section */

/* Begin PBXGroup section */
		85869A5F1FEAFE9C00513796 = {
			isa = PBXGroup;
			children = (
				85869A8F1FEB0C1B00513796 /* KotlinHello.framework */,
				85869A961FEB21FB00513796 /* KotlinHello.framework */,
				85869A6A1FEAFE9C00513796 /* Hello Shared Kotlin */,
				85869A691FEAFE9C00513796 /* Products */,
				85869A7D1FEB02CD00513796 /* Frameworks */,
			);
			sourceTree = "<group>";
		};
		85869A691FEAFE9C00513796 /* Products */ = {
			isa = PBXGroup;
			children = (
				85869A681FEAFE9C00513796 /* Hello Shared Kotlin.app */,
			);
			name = Products;
			sourceTree = "<group>";
		};
		85869A6A1FEAFE9C00513796 /* Hello Shared Kotlin */ = {
			isa = PBXGroup;
			children = (
				85869A6B1FEAFE9C00513796 /* AppDelegate.swift */,
				85869A6D1FEAFE9C00513796 /* ViewController.swift */,
				85869A6F1FEAFE9C00513796 /* Main.storyboard */,
				85869A721FEAFE9C00513796 /* Assets.xcassets */,
				85869A741FEAFE9C00513796 /* LaunchScreen.storyboard */,
				85869A771FEAFE9C00513796 /* Info.plist */,
			);
			path = "Hello Shared Kotlin";
			sourceTree = "<group>";
		};
		85869A7D1FEB02CD00513796 /* Frameworks */ = {
			isa = PBXGroup;
			children = (
				85869A7E1FEB02CD00513796 /* KotlinHello.framework */,
			);
			name = Frameworks;
			sourceTree = "<group>";
		};
/* End PBXGroup section */

/* Begin PBXNativeTarget section */
		85869A671FEAFE9C00513796 /* Hello Shared Kotlin */ = {
			isa = PBXNativeTarget;
			buildConfigurationList = 85869A7A1FEAFE9C00513796 /* Build configuration list for PBXNativeTarget "Hello Shared Kotlin" */;
			buildPhases = (
				85869A931FEB0E7E00513796 /* ShellScript */,
				85869A641FEAFE9C00513796 /* Sources */,
				85869A651FEAFE9C00513796 /* Frameworks */,
				85869A661FEAFE9C00513796 /* Resources */,
				85869A991FEB21FC00513796 /* Embed Frameworks */,
			);
			buildRules = (
			);
			dependencies = (
			);
			name = "Hello Shared Kotlin";
			productName = "Hello Shared Kotlin";
			productReference = 85869A681FEAFE9C00513796 /* Hello Shared Kotlin.app */;
			productType = "com.apple.product-type.application";
		};
/* End PBXNativeTarget section */

/* Begin PBXProject section */
		85869A601FEAFE9C00513796 /* Project object */ = {
			isa = PBXProject;
			attributes = {
				LastSwiftUpdateCheck = 0920;
				LastUpgradeCheck = 0920;
				ORGANIZATIONNAME = WillowTree;
				TargetAttributes = {
					85869A671FEAFE9C00513796 = {
						CreatedOnToolsVersion = 9.2;
						LastSwiftMigration = 0920;
						ProvisioningStyle = Automatic;
					};
				};
			};
			buildConfigurationList = 85869A631FEAFE9C00513796 /* Build configuration list for PBXProject "Hello Shared Kotlin" */;
			compatibilityVersion = "Xcode 8.0";
			developmentRegion = en;
			hasScannedForEncodings = 0;
			knownRegions = (
				en,
				Base,
			);
			mainGroup = 85869A5F1FEAFE9C00513796;
			productRefGroup = 85869A691FEAFE9C00513796 /* Products */;
			projectDirPath = "";
			projectRoot = "";
			targets = (
				85869A671FEAFE9C00513796 /* Hello Shared Kotlin */,
			);
		};
/* End PBXProject section */

/* Begin PBXResourcesBuildPhase section */
		85869A661FEAFE9C00513796 /* Resources */ = {
			isa = PBXResourcesBuildPhase;
			buildActionMask = 2147483647;
			files = (
				85869A761FEAFE9C00513796 /* LaunchScreen.storyboard in Resources */,
				85869A731FEAFE9C00513796 /* Assets.xcassets in Resources */,
				85869A711FEAFE9C00513796 /* Main.storyboard in Resources */,
			);
			runOnlyForDeploymentPostprocessing = 0;
		};
/* End PBXResourcesBuildPhase section */

/* Begin PBXShellScriptBuildPhase section */
		85869A931FEB0E7E00513796 /* ShellScript */ = {
			isa = PBXShellScriptBuildPhase;
			buildActionMask = 2147483647;
			files = (
			);
			inputPaths = (
			);
			outputPaths = (
			);
			runOnlyForDeploymentPostprocessing = 0;
			shellPath = /bin/sh;
			shellScript = "cd .. && ./gradlew shared:copyFramework";
		};
/* End PBXShellScriptBuildPhase section */

/* Begin PBXSourcesBuildPhase section */
		85869A641FEAFE9C00513796 /* Sources */ = {
			isa = PBXSourcesBuildPhase;
			buildActionMask = 2147483647;
			files = (
				85869A6E1FEAFE9C00513796 /* ViewController.swift in Sources */,
				85869A6C1FEAFE9C00513796 /* AppDelegate.swift in Sources */,
			);
			runOnlyForDeploymentPostprocessing = 0;
		};
/* End PBXSourcesBuildPhase section */

/* Begin PBXVariantGroup section */
		85869A6F1FEAFE9C00513796 /* Main.storyboard */ = {
			isa = PBXVariantGroup;
			children = (
				85869A701FEAFE9C00513796 /* Base */,
			);
			name = Main.storyboard;
			sourceTree = "<group>";
		};
		85869A741FEAFE9C00513796 /* LaunchScreen.storyboard */ = {
			isa = PBXVariantGroup;
			children = (
				85869A751FEAFE9C00513796 /* Base */,
			);
			name = LaunchScreen.storyboard;
			sourceTree = "<group>";
		};
/* End PBXVariantGroup section */

/* Begin XCBuildConfiguration section */
		85869A781FEAFE9C00513796 /* Debug */ = {
			isa = XCBuildConfiguration;
			buildSettings = {
				ALWAYS_SEARCH_USER_PATHS = NO;
				CLANG_ANALYZER_NONNULL = YES;
				CLANG_ANALYZER_NUMBER_OBJECT_CONVERSION = YES_AGGRESSIVE;
				CLANG_CXX_LANGUAGE_STANDARD = "gnu++14";
				CLANG_CXX_LIBRARY = "libc++";
				CLANG_ENABLE_MODULES = YES;
				CLANG_ENABLE_OBJC_ARC = YES;
				CLANG_WARN_BLOCK_CAPTURE_AUTORELEASING = YES;
				CLANG_WARN_BOOL_CONVERSION = YES;
				CLANG_WARN_COMMA = YES;
				CLANG_WARN_CONSTANT_CONVERSION = YES;
				CLANG_WARN_DIRECT_OBJC_ISA_USAGE = YES_ERROR;
				CLANG_WARN_DOCUMENTATION_COMMENTS = YES;
				CLANG_WARN_EMPTY_BODY = YES;
				CLANG_WARN_ENUM_CONVERSION = YES;
				CLANG_WARN_INFINITE_RECURSION = YES;
				CLANG_WARN_INT_CONVERSION = YES;
				CLANG_WARN_NON_LITERAL_NULL_CONVERSION = YES;
				CLANG_WARN_OBJC_LITERAL_CONVERSION = YES;
				CLANG_WARN_OBJC_ROOT_CLASS = YES_ERROR;
				CLANG_WARN_RANGE_LOOP_ANALYSIS = YES;
				CLANG_WARN_STRICT_PROTOTYPES = YES;
				CLANG_WARN_SUSPICIOUS_MOVE = YES;
				CLANG_WARN_UNGUARDED_AVAILABILITY = YES_AGGRESSIVE;
				CLANG_WARN_UNREACHABLE_CODE = YES;
				CLANG_WARN__DUPLICATE_METHOD_MATCH = YES;
				CODE_SIGN_IDENTITY = "iPhone Developer";
				COPY_PHASE_STRIP = NO;
				DEBUG_INFORMATION_FORMAT = dwarf;
				ENABLE_STRICT_OBJC_MSGSEND = YES;
				ENABLE_TESTABILITY = YES;
				GCC_C_LANGUAGE_STANDARD = gnu11;
				GCC_DYNAMIC_NO_PIC = NO;
				GCC_NO_COMMON_BLOCKS = YES;
				GCC_OPTIMIZATION_LEVEL = 0;
				GCC_PREPROCESSOR_DEFINITIONS = (
					"DEBUG=1",
					"$(inherited)",
				);
				GCC_WARN_64_TO_32_BIT_CONVERSION = YES;
				GCC_WARN_ABOUT_RETURN_TYPE = YES_ERROR;
				GCC_WARN_UNDECLARED_SELECTOR = YES;
				GCC_WARN_UNINITIALIZED_AUTOS = YES_AGGRESSIVE;
				GCC_WARN_UNUSED_FUNCTION = YES;
				GCC_WARN_UNUSED_VARIABLE = YES;
				IPHONEOS_DEPLOYMENT_TARGET = 11.2;
				MTL_ENABLE_DEBUG_INFO = YES;
				ONLY_ACTIVE_ARCH = YES;
				SDKROOT = iphoneos;
				SWIFT_ACTIVE_COMPILATION_CONDITIONS = DEBUG;
				SWIFT_OPTIMIZATION_LEVEL = "-Onone";
			};
			name = Debug;
		};
		85869A791FEAFE9C00513796 /* Release */ = {
			isa = XCBuildConfiguration;
			buildSettings = {
				ALWAYS_SEARCH_USER_PATHS = NO;
				CLANG_ANALYZER_NONNULL = YES;
				CLANG_ANALYZER_NUMBER_OBJECT_CONVERSION = YES_AGGRESSIVE;
				CLANG_CXX_LANGUAGE_STANDARD = "gnu++14";
				CLANG_CXX_LIBRARY = "libc++";
				CLANG_ENABLE_MODULES = YES;
				CLANG_ENABLE_OBJC_ARC = YES;
				CLANG_WARN_BLOCK_CAPTURE_AUTORELEASING = YES;
				CLANG_WARN_BOOL_CONVERSION = YES;
				CLANG_WARN_COMMA = YES;
				CLANG_WARN_CONSTANT_CONVERSION = YES;
				CLANG_WARN_DIRECT_OBJC_ISA_USAGE = YES_ERROR;
				CLANG_WARN_DOCUMENTATION_COMMENTS = YES;
				CLANG_WARN_EMPTY_BODY = YES;
				CLANG_WARN_ENUM_CONVERSION = YES;
				CLANG_WARN_INFINITE_RECURSION = YES;
				CLANG_WARN_INT_CONVERSION = YES;
				CLANG_WARN_NON_LITERAL_NULL_CONVERSION = YES;
				CLANG_WARN_OBJC_LITERAL_CONVERSION = YES;
				CLANG_WARN_OBJC_ROOT_CLASS = YES_ERROR;
				CLANG_WARN_RANGE_LOOP_ANALYSIS = YES;
				CLANG_WARN_STRICT_PROTOTYPES = YES;
				CLANG_WARN_SUSPICIOUS_MOVE = YES;
				CLANG_WARN_UNGUARDED_AVAILABILITY = YES_AGGRESSIVE;
				CLANG_WARN_UNREACHABLE_CODE = YES;
				CLANG_WARN__DUPLICATE_METHOD_MATCH = YES;
				CODE_SIGN_IDENTITY = "iPhone Developer";
				COPY_PHASE_STRIP = NO;
				DEBUG_INFORMATION_FORMAT = "dwarf-with-dsym";
				ENABLE_NS_ASSERTIONS = NO;
				ENABLE_STRICT_OBJC_MSGSEND = YES;
				GCC_C_LANGUAGE_STANDARD = gnu11;
				GCC_NO_COMMON_BLOCKS = YES;
				GCC_WARN_64_TO_32_BIT_CONVERSION = YES;
				GCC_WARN_ABOUT_RETURN_TYPE = YES_ERROR;
				GCC_WARN_UNDECLARED_SELECTOR = YES;
				GCC_WARN_UNINITIALIZED_AUTOS = YES_AGGRESSIVE;
				GCC_WARN_UNUSED_FUNCTION = YES;
				GCC_WARN_UNUSED_VARIABLE = YES;
				IPHONEOS_DEPLOYMENT_TARGET = 11.2;
				MTL_ENABLE_DEBUG_INFO = NO;
				SDKROOT = iphoneos;
				SWIFT_OPTIMIZATION_LEVEL = "-Owholemodule";
				VALIDATE_PRODUCT = YES;
			};
			name = Release;
		};
		85869A7B1FEAFE9C00513796 /* Debug */ = {
			isa = XCBuildConfiguration;
			buildSettings = {
				ASSETCATALOG_COMPILER_APPICON_NAME = AppIcon;
				CLANG_ENABLE_MODULES = YES;
				CODE_SIGN_STYLE = Automatic;
				FRAMEWORK_SEARCH_PATHS = (
					"$(inherited)",
					"$(PROJECT_DIR)",
				);
				INFOPLIST_FILE = "Hello Shared Kotlin/Info.plist";
				LD_RUNPATH_SEARCH_PATHS = "$(inherited) @executable_path/Frameworks";
				PRODUCT_BUNDLE_IDENTIFIER = "WT.Hello-Shared-Kotlin";
				PRODUCT_NAME = "$(TARGET_NAME)";
				SWIFT_OPTIMIZATION_LEVEL = "-Onone";
				SWIFT_VERSION = 4.0;
				TARGETED_DEVICE_FAMILY = "1,2";
			};
			name = Debug;
		};
		85869A7C1FEAFE9C00513796 /* Release */ = {
			isa = XCBuildConfiguration;
			buildSettings = {
				ASSETCATALOG_COMPILER_APPICON_NAME = AppIcon;
				CLANG_ENABLE_MODULES = YES;
				CODE_SIGN_STYLE = Automatic;
				FRAMEWORK_SEARCH_PATHS = (
					"$(inherited)",
					"$(PROJECT_DIR)",
				);
				INFOPLIST_FILE = "Hello Shared Kotlin/Info.plist";
				LD_RUNPATH_SEARCH_PATHS = "$(inherited) @executable_path/Frameworks";
				PRODUCT_BUNDLE_IDENTIFIER = "WT.Hello-Shared-Kotlin";
				PRODUCT_NAME = "$(TARGET_NAME)";
				SWIFT_VERSION = 4.0;
				TARGETED_DEVICE_FAMILY = "1,2";
			};
			name = Release;
		};
/* End XCBuildConfiguration section */

/* Begin XCConfigurationList section */
		85869A631FEAFE9C00513796 /* Build configuration list for PBXProject "Hello Shared Kotlin" */ = {
			isa = XCConfigurationList;
			buildConfigurations = (
				85869A781FEAFE9C00513796 /* Debug */,
				85869A791FEAFE9C00513796 /* Release */,
			);
			defaultConfigurationIsVisible = 0;
			defaultConfigurationName = Release;
		};
		85869A7A1FEAFE9C00513796 /* Build configuration list for PBXNativeTarget "Hello Shared Kotlin" */ = {
			isa = XCConfigurationList;
			buildConfigurations = (
				85869A7B1FEAFE9C00513796 /* Debug */,
				85869A7C1FEAFE9C00513796 /* Release */,
			);
			defaultConfigurationIsVisible = 0;
			defaultConfigurationName = Release;
		};
/* End XCConfigurationList section */
	};
	rootObject = 85869A601FEAFE9C00513796 /* Project object */;
}
